PODS:
  - Alamofire (5.0.0-rc.3)
  - Charts (3.4.0):
    - Charts/Core (= 3.4.0)
  - Charts/Core (3.4.0)
  - EnterAffectiveCloud (1.4.0):
    - GzipSwift
    - HandyJSON
    - Moya/RxSwift (~> 14.0.0-beta.5)
    - RxSwift (= 5.0.0)
    - Starscream (= 3.1.1)
    - SwiftyJSON
  - EnterAffectiveCloudUI (1.4.0):
    - Charts
    - EnterAffectiveCloud (= 1.4.0)
    - RxSwift
    - SnapKit
  - EnterBioModuleBLE (1.2.7):
    - FixedDFUService
    - PromiseKit
    - RxBluetoothKit
  - EnterBioModuleBLEUI (1.2.7):
    - EnterBioModuleBLE (= 1.2.7)
    - SnapKit
  - FixedDFUService (4.1.2):
    - Zip (~> 1.0)
  - GzipSwift (5.1.1)
  - HandyJSON (5.0.1)
  - Moya/Core (14.0.0-beta.6):
    - Alamofire (= 5.0.0-rc.3)
  - Moya/RxSwift (14.0.0-beta.6):
    - Moya/Core
    - RxSwift (~> 5.0)
  - PromiseKit (6.13.1):
    - PromiseKit/CorePromise (= 6.13.1)
    - PromiseKit/Foundation (= 6.13.1)
    - PromiseKit/UIKit (= 6.13.1)
  - PromiseKit/CorePromise (6.13.1)
  - PromiseKit/Foundation (6.13.1):
    - PromiseKit/CorePromise
  - PromiseKit/UIKit (6.13.1):
    - PromiseKit/CorePromise
  - Realm (4.3.2):
    - Realm/Headers (= 4.3.2)
  - Realm/Headers (4.3.2)
  - RealmSwift (4.3.2):
    - Realm (= 4.3.2)
  - RxBluetoothKit (5.3.0):
    - RxSwift (~> 5.0)
  - RxSwift (5.0.0)
  - SnapKit (5.0.1)
  - Starscream (3.1.1)
  - SVProgressHUD (2.2.5)
  - SwiftyJSON (5.0.0)
  - Zip (1.1.0)

DEPENDENCIES:
  - EnterAffectiveCloud (~> 1.4.0)
  - EnterAffectiveCloudUI (~> 1.4.0)
  - EnterBioModuleBLE (~> 1.2.7)
  - EnterBioModuleBLEUI (~> 1.2.7)
  - RealmSwift
  - SnapKit
  - SVProgressHUD

SPEC REPOS:
  https://mirrors.tuna.tsinghua.edu.cn/git/CocoaPods/Specs.git:
    - Alamofire
    - Charts
    - EnterAffectiveCloud
    - EnterAffectiveCloudUI
    - EnterBioModuleBLE
    - EnterBioModuleBLEUI
    - FixedDFUService
    - GzipSwift
    - HandyJSON
    - Moya
    - PromiseKit
    - Realm
    - RealmSwift
    - RxBluetoothKit
    - RxSwift
    - SnapKit
    - Starscream
    - SVProgressHUD
    - SwiftyJSON
    - Zip

SPEC CHECKSUMS:
  Alamofire: ca8c0de6906873be89d6deec5c8de279e00bf872
  Charts: 74c9f256eaf0460c0c416522d1cf8c634ea6b286
  EnterAffectiveCloud: 9f7b4ca2b75ce83c71801d36706a093d1e2f7bfd
  EnterAffectiveCloudUI: 19c9d813fcb4aabb84ae8fbb4fbcdc003657f1d9
  EnterBioModuleBLE: e46203f28dd74ec7336e9d23d08fc32e5cbc681e
  EnterBioModuleBLEUI: 77bfe1a0cda7b8d34b208a769dab1e94cc0ae060
  FixedDFUService: 5ef0cf653c846c5784c2d6e29e2c35b3820a6672
  GzipSwift: 893f3e48e597a1a4f62fafcb6514220fcf8287fa
  HandyJSON: d45b8415c501e3affc59ca9762c1197ff0feb646
  Moya: d4821fbcb3e784f34d2f82869e6855057a0b85d1
  PromiseKit: 28fda91c973cc377875d8c0ea4f973013c05b6db
  Realm: 5e92902e2875dff4bb0fd02f67bb737c3d5db2bc
  RealmSwift: 9a360fc7bae04fc2e308a34fbd899d5faa2d6b22
  RxBluetoothKit: 0e781978e8a0df70ac3c611dcf44800b76c69f8a
  RxSwift: 8b0671caa829a763bbce7271095859121cbd895f
  SnapKit: 97b92857e3df3a0c71833cce143274bf6ef8e5eb
  Starscream: 4bb2f9942274833f7b4d296a55504dcfc7edb7b0
  SVProgressHUD: 1428aafac632c1f86f62aa4243ec12008d7a51d6
  SwiftyJSON: 36413e04c44ee145039d332b4f4e2d3e8d6c4db7
  Zip: 8877eede3dda76bcac281225c20e71c25270774c

PODFILE CHECKSUM: c217fbb24034235d9a5fc927804bc30142b944e6

COCOAPODS: 1.8.3
