PODS:
  - Alamofire (5.0.4)
  - Bugly (2.5.2)
  - Charts (3.4.0):
    - Charts/Core (= 3.4.0)
  - Charts/Core (3.4.0)
  - EnterAffectiveCloud (1.4.1):
    - GzipSwift
    - HandyJSON
    - Moya/RxSwift (~> 14.0.0)
    - RxSwift (~> 5.0.0)
    - Starscream (= 3.1.1)
    - SwiftyJSON
  - EnterAffectiveCloudUI (1.4.1):
    - Charts
    - EnterAffectiveCloud (~> 1.4.1)
    - RxSwift
    - SnapKit
  - EnterBioModuleBLE (1.2.6):
    - FixedDFUService
    - PromiseKit
    - RxBluetoothKit
  - EnterBioModuleBLEUI (1.2.6):
    - EnterBioModuleBLE (= 1.2.6)
    - SnapKit
  - FixedDFUService (4.1.2):
    - Zip (~> 1.0)
  - GzipSwift (5.1.1)
  - HandyJSON (5.0.1)
  - Moya/Core (14.0.0):
    - Alamofire (~> 5.0)
  - Moya/RxSwift (14.0.0):
    - Moya/Core
    - RxSwift (~> 5.0)
  - PromiseKit (6.13.1):
    - PromiseKit/CorePromise (= 6.13.1)
    - PromiseKit/Foundation (= 6.13.1)
    - PromiseKit/UIKit (= 6.13.1)
  - PromiseKit/CorePromise (6.13.1)
  - PromiseKit/Foundation (6.13.1):
    - PromiseKit/CorePromise
  - PromiseKit/UIKit (6.13.1):
    - PromiseKit/CorePromise
  - Realm (4.3.2):
    - Realm/Headers (= 4.3.2)
  - Realm/Headers (4.3.2)
  - RealmSwift (4.3.2):
    - Realm (= 4.3.2)
  - RxBluetoothKit (5.3.0):
    - RxSwift (~> 5.0)
  - RxCocoa (5.1.0):
    - RxRelay (~> 5)
    - RxSwift (~> 5)
  - RxRelay (5.1.0):
    - RxSwift (~> 5)
  - RxSwift (5.0.1)
  - SnapKit (5.0.1)
  - Starscream (3.1.1)
  - SVProgressHUD (2.2.5)
  - SwiftyJSON (5.0.0)
  - Zip (1.1.0)

DEPENDENCIES:
  - Bugly
  - EnterAffectiveCloud (from `https://github.com/Entertech/Enter-AffectiveCloud-iOS-SDK.git`)
  - EnterAffectiveCloudUI (from `https://github.com/Entertech/Enter-AffectiveCloud-iOS-SDK.git`)
  - "EnterBioModuleBLE (from `git@github.com:Entertech/Enter-Biomodule-BLE-iOS-SDK.git`)"
  - "EnterBioModuleBLEUI (from `git@github.com:Entertech/Enter-Biomodule-BLE-iOS-SDK.git`)"
  - RealmSwift
  - RxCocoa
  - SnapKit
  - SVProgressHUD

SPEC REPOS:
  https://mirrors.tuna.tsinghua.edu.cn/git/CocoaPods/Specs.git:
    - Alamofire
    - Bugly
    - Charts
    - FixedDFUService
    - GzipSwift
    - HandyJSON
    - Moya
    - PromiseKit
    - Realm
    - RealmSwift
    - RxBluetoothKit
    - RxCocoa
    - RxRelay
    - RxSwift
    - SnapKit
    - Starscream
    - SVProgressHUD
    - SwiftyJSON
    - Zip

EXTERNAL SOURCES:
  EnterAffectiveCloud:
    :git: https://github.com/Entertech/Enter-AffectiveCloud-iOS-SDK.git
  EnterAffectiveCloudUI:
    :git: https://github.com/Entertech/Enter-AffectiveCloud-iOS-SDK.git
  EnterBioModuleBLE:
    :git: "git@github.com:Entertech/Enter-Biomodule-BLE-iOS-SDK.git"
  EnterBioModuleBLEUI:
    :git: "git@github.com:Entertech/Enter-Biomodule-BLE-iOS-SDK.git"

CHECKOUT OPTIONS:
  EnterAffectiveCloud:
    :commit: f824b969efc9148a86dc402cd93f76f31164eece
    :git: https://github.com/Entertech/Enter-AffectiveCloud-iOS-SDK.git
  EnterAffectiveCloudUI:
    :commit: f824b969efc9148a86dc402cd93f76f31164eece
    :git: https://github.com/Entertech/Enter-AffectiveCloud-iOS-SDK.git
  EnterBioModuleBLE:
    :commit: 5bae15d1d3f5d866a57566155f58f7311d680e91
    :git: "git@github.com:Entertech/Enter-Biomodule-BLE-iOS-SDK.git"
  EnterBioModuleBLEUI:
    :commit: 5bae15d1d3f5d866a57566155f58f7311d680e91
    :git: "git@github.com:Entertech/Enter-Biomodule-BLE-iOS-SDK.git"

SPEC CHECKSUMS:
  Alamofire: 0fe5fd24b4298dc377a6550da7d5f1b30e286fcb
  Bugly: dbac48b55ad469a97cc4321045cd50df8f63d44f
  Charts: 74c9f256eaf0460c0c416522d1cf8c634ea6b286
  EnterAffectiveCloud: 449ca0bf474a0ac1d0ed32f6ad430e3b070302e5
  EnterAffectiveCloudUI: 9e02d8c7d96f6e4f805105d44d9f980bd634d574
  EnterBioModuleBLE: a926b959874a1a1425fc1662e2b3c95e8421ba44
  EnterBioModuleBLEUI: 6284919ea21699df9ff392052612b0288e241db0
  FixedDFUService: 5ef0cf653c846c5784c2d6e29e2c35b3820a6672
  GzipSwift: 893f3e48e597a1a4f62fafcb6514220fcf8287fa
  HandyJSON: d45b8415c501e3affc59ca9762c1197ff0feb646
  Moya: 5b45dacb75adb009f97fde91c204c1e565d31916
  PromiseKit: 28fda91c973cc377875d8c0ea4f973013c05b6db
  Realm: 5e92902e2875dff4bb0fd02f67bb737c3d5db2bc
  RealmSwift: 9a360fc7bae04fc2e308a34fbd899d5faa2d6b22
  RxBluetoothKit: 0e781978e8a0df70ac3c611dcf44800b76c69f8a
  RxCocoa: 13d2a4d7546a34b8ececae8c281e4ea1dbb94f2b
  RxRelay: a168bd6caf712d00c676ac344e9295afc93b418e
  RxSwift: e2dc62b366a3adf6a0be44ba9f405efd4c94e0c4
  SnapKit: 97b92857e3df3a0c71833cce143274bf6ef8e5eb
  Starscream: 4bb2f9942274833f7b4d296a55504dcfc7edb7b0
  SVProgressHUD: 1428aafac632c1f86f62aa4243ec12008d7a51d6
  SwiftyJSON: 36413e04c44ee145039d332b4f4e2d3e8d6c4db7
  Zip: 8877eede3dda76bcac281225c20e71c25270774c

PODFILE CHECKSUM: b245d83e9b73bb2f4726995546e3c2c69b61a49a

COCOAPODS: 1.8.3
